
Microsoft Visual Studio Solution File, Format Version 12.00
# Visual Studio Version 16
VisualStudioVersion = 16.0.31624.102
MinimumVisualStudioVersion = 10.0.40219.1
Project("{FAE04EC0-301F-11D3-BF4B-00C04F79EFBC}") = "Taio", "Taio\Taio.csproj", "{8F5EFCAB-E323-43AE-8634-BE5BA9A1E7BE}"
EndProject
Global
	GlobalSection(SolutionConfigurationPlatforms) = preSolution
		Debug|Any CPU = Debug|Any CPU
		Release|Any CPU = Release|Any CPU
	EndGlobalSection
	GlobalSection(ProjectConfigurationPlatforms) = postSolution
		{8F5EFCAB-E323-43AE-8634-BE5BA9A1E7BE}.Debug|Any CPU.ActiveCfg = Debug|Any CPU
		{8F5EFCAB-E323-43AE-8634-BE5BA9A1E7BE}.Debug|Any CPU.Build.0 = Debug|Any CPU
		{8F5EFCAB-E323-43AE-8634-BE5BA9A1E7BE}.Release|Any CPU.ActiveCfg = Release|Any CPU
		{8F5EFCAB-E323-43AE-8634-BE5BA9A1E7BE}.Release|Any CPU.Build.0 = Release|Any CPU
	EndGlobalSection
	GlobalSection(SolutionProperties) = preSolution
		HideSolutionNode = FALSE
	EndGlobalSection
	GlobalSection(ExtensibilityGlobals) = postSolution
		SolutionGuid = {2D940534-C67A-4CA3-96D5-8C26DB378BD4}
	EndGlobalSection
EndGlobal
